PODS:
  - FastDiff (1.1.1)
  - Kekka (0.7.1)

DEPENDENCIES:
  - FastDiff
  - Kekka

SPEC REPOS:
  https://github.com/cocoapods/specs.git:
    - FastDiff
    - Kekka

SPEC CHECKSUMS:
  FastDiff: 641e98e5cfdd054c465323f3a527f1d175dc4957
  Kekka: 50a6a171a23b3bdf4c1468cee5b1a408eca893d6

PODFILE CHECKSUM: 8c131c3ef542fe42de4c25d9784f39e50c0666c8

COCOAPODS: 1.5.2
